// !$*UTF8*$!
{
	archiveVersion = 1;
	classes = {
	};
	objectVersion = 50;
	objects = {

/* Begin PBXBuildFile section */
		A149CF2A25E2EA6C004FCDCB /* AppDelegate.swift in Sources */ = {isa = PBXBuildFile; fileRef = A149CF2925E2EA6C004FCDCB /* AppDelegate.swift */; };
		A149CF2C25E2EA6C004FCDCB /* SceneDelegate.swift in Sources */ = {isa = PBXBuildFile; fileRef = A149CF2B25E2EA6C004FCDCB /* SceneDelegate.swift */; };
		A149CF2E25E2EA6C004FCDCB /* ViewController.swift in Sources */ = {isa = PBXBuildFile; fileRef = A149CF2D25E2EA6C004FCDCB /* ViewController.swift */; };
		A149CF3125E2EA6C004FCDCB /* Main.storyboard in Resources */ = {isa = PBXBuildFile; fileRef = A149CF2F25E2EA6C004FCDCB /* Main.storyboard */; };
		A149CF3325E2EA6E004FCDCB /* Assets.xcassets in Resources */ = {isa = PBXBuildFile; fileRef = A149CF3225E2EA6E004FCDCB /* Assets.xcassets */; };
		A149CF3625E2EA6E004FCDCB /* LaunchScreen.storyboard in Resources */ = {isa = PBXBuildFile; fileRef = A149CF3425E2EA6E004FCDCB /* LaunchScreen.storyboard */; };
/* End PBXBuildFile section */

/* Begin PBXFileReference section */
		A149CF2625E2EA6C004FCDCB /* login-logout.app */ = {isa = PBXFileReference; explicitFileType = wrapper.application; includeInIndex = 0; path = "login-logout.app"; sourceTree = BUILT_PRODUCTS_DIR; };
		A149CF2925E2EA6C004FCDCB /* AppDelegate.swift */ = {isa = PBXFileReference; lastKnownFileType = sourcecode.swift; path = AppDelegate.swift; sourceTree = "<group>"; };
		A149CF2B25E2EA6C004FCDCB /* SceneDelegate.swift */ = {isa = PBXFileReference; lastKnownFileType = sourcecode.swift; path = SceneDelegate.swift; sourceTree = "<group>"; };
		A149CF2D25E2EA6C004FCDCB /* ViewController.swift */ = {isa = PBXFileReference; lastKnownFileType = sourcecode.swift; path = ViewController.swift; sourceTree = "<group>"; };
		A149CF3025E2EA6C004FCDCB /* Base */ = {isa = PBXFileReference; lastKnownFileType = file.storyboard; name = Base; path = Base.lproj/Main.storyboard; sourceTree = "<group>"; };
		A149CF3225E2EA6E004FCDCB /* Assets.xcassets */ = {isa = PBXFileReference; lastKnownFileType = folder.assetcatalog; path = Assets.xcassets; sourceTree = "<group>"; };
		A149CF3525E2EA6E004FCDCB /* Base */ = {isa = PBXFileReference; lastKnownFileType = file.storyboard; name = Base; path = Base.lproj/LaunchScreen.storyboard; sourceTree = "<group>"; };
		A149CF3725E2EA6E004FCDCB /* Info.plist */ = {isa = PBXFileReference; lastKnownFileType = text.plist.xml; path = Info.plist; sourceTree = "<group>"; };
/* End PBXFileReference section */

/* Begin PBXFrameworksBuildPhase section */
		A149CF2325E2EA6C004FCDCB /* Frameworks */ = {
			isa = PBXFrameworksBuildPhase;
			buildActionMask = 2147483647;
			files = (
			);
			runOnlyForDeploymentPostprocessing = 0;
		};
/* End PBXFrameworksBuildPhase section */

/* Begin PBXGroup section */
		A149CF1D25E2EA6C004FCDCB = {
			isa = PBXGroup;
			children = (
				A149CF2825E2EA6C004FCDCB /* login-logout */,
				A149CF2725E2EA6C004FCDCB /* Products */,
			);
			sourceTree = "<group>";
		};
		A149CF2725E2EA6C004FCDCB /* Products */ = {
			isa = PBXGroup;
			children = (
				A149CF2625E2EA6C004FCDCB /* login-logout.app */,
			);
			name = Products;
			sourceTree = "<group>";
		};
		A149CF2825E2EA6C004FCDCB /* login-logout */ = {
			isa = PBXGroup;
			children = (
				A149CF2925E2EA6C004FCDCB /* AppDelegate.swift */,
				A149CF2B25E2EA6C004FCDCB /* SceneDelegate.swift */,
				A149CF2D25E2EA6C004FCDCB /* ViewController.swift */,
				A149CF2F25E2EA6C004FCDCB /* Main.storyboard */,
				A149CF3225E2EA6E004FCDCB /* Assets.xcassets */,
				A149CF3425E2EA6E004FCDCB /* LaunchScreen.storyboard */,
				A149CF3725E2EA6E004FCDCB /* Info.plist */,
			);
			path = "login-logout";
			sourceTree = "<group>";
		};
/* End PBXGroup section */

/* Begin PBXNativeTarget section */
		A149CF2525E2EA6C004FCDCB /* login-logout */ = {
			isa = PBXNativeTarget;
			buildConfigurationList = A149CF3A25E2EA6E004FCDCB /* Build configuration list for PBXNativeTarget "login-logout" */;
			buildPhases = (
				A149CF2225E2EA6C004FCDCB /* Sources */,
				A149CF2325E2EA6C004FCDCB /* Frameworks */,
				A149CF2425E2EA6C004FCDCB /* Resources */,
			);
			buildRules = (
			);
			dependencies = (
			);
			name = "login-logout";
			productName = "login-logout";
			productReference = A149CF2625E2EA6C004FCDCB /* login-logout.app */;
			productType = "com.apple.product-type.application";
		};
/* End PBXNativeTarget section */

/* Begin PBXProject section */
		A149CF1E25E2EA6C004FCDCB /* Project object */ = {
			isa = PBXProject;
			attributes = {
				LastSwiftUpdateCheck = 1240;
				LastUpgradeCheck = 1240;
				TargetAttributes = {
					A149CF2525E2EA6C004FCDCB = {
						CreatedOnToolsVersion = 12.4;
					};
				};
			};
			buildConfigurationList = A149CF2125E2EA6C004FCDCB /* Build configuration list for PBXProject "login-logout" */;
			compatibilityVersion = "Xcode 9.3";
			developmentRegion = en;
			hasScannedForEncodings = 0;
			knownRegions = (
				en,
				Base,
			);
			mainGroup = A149CF1D25E2EA6C004FCDCB;
			productRefGroup = A149CF2725E2EA6C004FCDCB /* Products */;
			projectDirPath = "";
			projectRoot = "";
			targets = (
				A149CF2525E2EA6C004FCDCB /* login-logout */,
			);
		};
/* End PBXProject section */

/* Begin PBXResourcesBuildPhase section */
		A149CF2425E2EA6C004FCDCB /* Resources */ = {
			isa = PBXResourcesBuildPhase;
			buildActionMask = 2147483647;
			files = (
				A149CF3625E2EA6E004FCDCB /* LaunchScreen.storyboard in Resources */,
				A149CF3325E2EA6E004FCDCB /* Assets.xcassets in Resources */,
				A149CF3125E2EA6C004FCDCB /* Main.storyboard in Resources */,
			);
			runOnlyForDeploymentPostprocessing = 0;
		};
/* End PBXResourcesBuildPhase section */

/* Begin PBXSourcesBuildPhase section */
		A149CF2225E2EA6C004FCDCB /* Sources */ = {
			isa = PBXSourcesBuildPhase;
			buildActionMask = 2147483647;
			files = (
				A149CF2E25E2EA6C004FCDCB /* ViewController.swift in Sources */,
				A149CF2A25E2EA6C004FCDCB /* AppDelegate.swift in Sources */,
				A149CF2C25E2EA6C004FCDCB /* SceneDelegate.swift in Sources */,
			);
			runOnlyForDeploymentPostprocessing = 0;
		};
/* End PBXSourcesBuildPhase section */

/* Begin PBXVariantGroup section */
		A149CF2F25E2EA6C004FCDCB /* Main.storyboard */ = {
			isa = PBXVariantGroup;
			children = (
				A149CF3025E2EA6C004FCDCB /* Base */,
			);
			name = Main.storyboard;
			sourceTree = "<group>";
		};
		A149CF3425E2EA6E004FCDCB /* LaunchScreen.storyboard */ = {
			isa = PBXVariantGroup;
			children = (
				A149CF3525E2EA6E004FCDCB /* Base */,
			);
			name = LaunchScreen.storyboard;
			sourceTree = "<group>";
		};
/* End PBXVariantGroup section */

/* Begin XCBuildConfiguration section */
		A149CF3825E2EA6E004FCDCB /* Debug */ = {
			isa = XCBuildConfiguration;
			buildSettings = {
				ALWAYS_SEARCH_USER_PATHS = NO;
				CLANG_ANALYZER_NONNULL = YES;
				CLANG_ANALYZER_NUMBER_OBJECT_CONVERSION = YES_AGGRESSIVE;
				CLANG_CXX_LANGUAGE_STANDARD = "gnu++14";
				CLANG_CXX_LIBRARY = "libc++";
				CLANG_ENABLE_MODULES = YES;
				CLANG_ENABLE_OBJC_ARC = YES;
				CLANG_ENABLE_OBJC_WEAK = YES;
				CLANG_WARN_BLOCK_CAPTURE_AUTORELEASING = YES;
				CLANG_WARN_BOOL_CONVERSION = YES;
				CLANG_WARN_COMMA = YES;
				CLANG_WARN_CONSTANT_CONVERSION = YES;
				CLANG_WARN_DEPRECATED_OBJC_IMPLEMENTATIONS = YES;
				CLANG_WARN_DIRECT_OBJC_ISA_USAGE = YES_ERROR;
				CLANG_WARN_DOCUMENTATION_COMMENTS = YES;
				CLANG_WARN_EMPTY_BODY = YES;
				CLANG_WARN_ENUM_CONVERSION = YES;
				CLANG_WARN_INFINITE_RECURSION = YES;
				CLANG_WARN_INT_CONVERSION = YES;
				CLANG_WARN_NON_LITERAL_NULL_CONVERSION = YES;
				CLANG_WARN_OBJC_IMPLICIT_RETAIN_SELF = YES;
				CLANG_WARN_OBJC_LITERAL_CONVERSION = YES;
				CLANG_WARN_OBJC_ROOT_CLASS = YES_ERROR;
				CLANG_WARN_QUOTED_INCLUDE_IN_FRAMEWORK_HEADER = YES;
				CLANG_WARN_RANGE_LOOP_ANALYSIS = YES;
				CLANG_WARN_STRICT_PROTOTYPES = YES;
				CLANG_WARN_SUSPICIOUS_MOVE = YES;
				CLANG_WARN_UNGUARDED_AVAILABILITY = YES_AGGRESSIVE;
				CLANG_WARN_UNREACHABLE_CODE = YES;
				CLANG_WARN__DUPLICATE_METHOD_MATCH = YES;
				COPY_PHASE_STRIP = NO;
				DEBUG_INFORMATION_FORMAT = dwarf;
				ENABLE_STRICT_OBJC_MSGSEND = YES;
				ENABLE_TESTABILITY = YES;
				GCC_C_LANGUAGE_STANDARD = gnu11;
				GCC_DYNAMIC_NO_PIC = NO;
				GCC_NO_COMMON_BLOCKS = YES;
				GCC_OPTIMIZATION_LEVEL = 0;
				GCC_PREPROCESSOR_DEFINITIONS = (
					"DEBUG=1",
					"$(inherited)",
				);
				GCC_WARN_64_TO_32_BIT_CONVERSION = YES;
				GCC_WARN_ABOUT_RETURN_TYPE = YES_ERROR;
				GCC_WARN_UNDECLARED_SELECTOR = YES;
				GCC_WARN_UNINITIALIZED_AUTOS = YES_AGGRESSIVE;
				GCC_WARN_UNUSED_FUNCTION = YES;
				GCC_WARN_UNUSED_VARIABLE = YES;
				IPHONEOS_DEPLOYMENT_TARGET = 14.4;
				MTL_ENABLE_DEBUG_INFO = INCLUDE_SOURCE;
				MTL_FAST_MATH = YES;
				ONLY_ACTIVE_ARCH = YES;
				SDKROOT = iphoneos;
				SWIFT_ACTIVE_COMPILATION_CONDITIONS = DEBUG;
				SWIFT_OPTIMIZATION_LEVEL = "-Onone";
			};
			name = Debug;
		};
		A149CF3925E2EA6E004FCDCB /* Release */ = {
			isa = XCBuildConfiguration;
			buildSettings = {
				ALWAYS_SEARCH_USER_PATHS = NO;
				CLANG_ANALYZER_NONNULL = YES;
				CLANG_ANALYZER_NUMBER_OBJECT_CONVERSION = YES_AGGRESSIVE;
				CLANG_CXX_LANGUAGE_STANDARD = "gnu++14";
				CLANG_CXX_LIBRARY = "libc++";
				CLANG_ENABLE_MODULES = YES;
				CLANG_ENABLE_OBJC_ARC = YES;
				CLANG_ENABLE_OBJC_WEAK = YES;
				CLANG_WARN_BLOCK_CAPTURE_AUTORELEASING = YES;
				CLANG_WARN_BOOL_CONVERSION = YES;
				CLANG_WARN_COMMA = YES;
				CLANG_WARN_CONSTANT_CONVERSION = YES;
				CLANG_WARN_DEPRECATED_OBJC_IMPLEMENTATIONS = YES;
				CLANG_WARN_DIRECT_OBJC_ISA_USAGE = YES_ERROR;
				CLANG_WARN_DOCUMENTATION_COMMENTS = YES;
				CLANG_WARN_EMPTY_BODY = YES;
				CLANG_WARN_ENUM_CONVERSION = YES;
				CLANG_WARN_INFINITE_RECURSION = YES;
				CLANG_WARN_INT_CONVERSION = YES;
				CLANG_WARN_NON_LITERAL_NULL_CONVERSION = YES;
				CLANG_WARN_OBJC_IMPLICIT_RETAIN_SELF = YES;
				CLANG_WARN_OBJC_LITERAL_CONVERSION = YES;
				CLANG_WARN_OBJC_ROOT_CLASS = YES_ERROR;
				CLANG_WARN_QUOTED_INCLUDE_IN_FRAMEWORK_HEADER = YES;
				CLANG_WARN_RANGE_LOOP_ANALYSIS = YES;
				CLANG_WARN_STRICT_PROTOTYPES = YES;
				CLANG_WARN_SUSPICIOUS_MOVE = YES;
				CLANG_WARN_UNGUARDED_AVAILABILITY = YES_AGGRESSIVE;
				CLANG_WARN_UNREACHABLE_CODE = YES;
				CLANG_WARN__DUPLICATE_METHOD_MATCH = YES;
				COPY_PHASE_STRIP = NO;
				DEBUG_INFORMATION_FORMAT = "dwarf-with-dsym";
				ENABLE_NS_ASSERTIONS = NO;
				ENABLE_STRICT_OBJC_MSGSEND = YES;
				GCC_C_LANGUAGE_STANDARD = gnu11;
				GCC_NO_COMMON_BLOCKS = YES;
				GCC_WARN_64_TO_32_BIT_CONVERSION = YES;
				GCC_WARN_ABOUT_RETURN_TYPE = YES_ERROR;
				GCC_WARN_UNDECLARED_SELECTOR = YES;
				GCC_WARN_UNINITIALIZED_AUTOS = YES_AGGRESSIVE;
				GCC_WARN_UNUSED_FUNCTION = YES;
				GCC_WARN_UNUSED_VARIABLE = YES;
				IPHONEOS_DEPLOYMENT_TARGET = 14.4;
				MTL_ENABLE_DEBUG_INFO = NO;
				MTL_FAST_MATH = YES;
				SDKROOT = iphoneos;
				SWIFT_COMPILATION_MODE = wholemodule;
				SWIFT_OPTIMIZATION_LEVEL = "-O";
				VALIDATE_PRODUCT = YES;
			};
			name = Release;
		};
		A149CF3B25E2EA6E004FCDCB /* Debug */ = {
			isa = XCBuildConfiguration;
			buildSettings = {
				ASSETCATALOG_COMPILER_APPICON_NAME = AppIcon;
				ASSETCATALOG_COMPILER_GLOBAL_ACCENT_COLOR_NAME = AccentColor;
				CODE_SIGN_STYLE = Automatic;
				DEVELOPMENT_TEAM = MV639N62L8;
				INFOPLIST_FILE = "login-logout/Info.plist";
				LD_RUNPATH_SEARCH_PATHS = (
					"$(inherited)",
					"@executable_path/Frameworks",
				);
				PRODUCT_BUNDLE_IDENTIFIER = "com.NikitaGalkov.login-logout";
				PRODUCT_NAME = "$(TARGET_NAME)";
				SWIFT_VERSION = 5.0;
				TARGETED_DEVICE_FAMILY = "1,2";
			};
			name = Debug;
		};
		A149CF3C25E2EA6E004FCDCB /* Release */ = {
			isa = XCBuildConfiguration;
			buildSettings = {
				ASSETCATALOG_COMPILER_APPICON_NAME = AppIcon;
				ASSETCATALOG_COMPILER_GLOBAL_ACCENT_COLOR_NAME = AccentColor;
				CODE_SIGN_STYLE = Automatic;
				DEVELOPMENT_TEAM = MV639N62L8;
				INFOPLIST_FILE = "login-logout/Info.plist";
				LD_RUNPATH_SEARCH_PATHS = (
					"$(inherited)",
					"@executable_path/Frameworks",
				);
				PRODUCT_BUNDLE_IDENTIFIER = "com.NikitaGalkov.login-logout";
				PRODUCT_NAME = "$(TARGET_NAME)";
				SWIFT_VERSION = 5.0;
				TARGETED_DEVICE_FAMILY = "1,2";
			};
			name = Release;
		};
/* End XCBuildConfiguration section */

/* Begin XCConfigurationList section */
		A149CF2125E2EA6C004FCDCB /* Build configuration list for PBXProject "login-logout" */ = {
			isa = XCConfigurationList;
			buildConfigurations = (
				A149CF3825E2EA6E004FCDCB /* Debug */,
				A149CF3925E2EA6E004FCDCB /* Release */,
			);
			defaultConfigurationIsVisible = 0;
			defaultConfigurationName = Release;
		};
		A149CF3A25E2EA6E004FCDCB /* Build configuration list for PBXNativeTarget "login-logout" */ = {
			isa = XCConfigurationList;
			buildConfigurations = (
				A149CF3B25E2EA6E004FCDCB /* Debug */,
				A149CF3C25E2EA6E004FCDCB /* Release */,
			);
			defaultConfigurationIsVisible = 0;
			defaultConfigurationName = Release;
		};
/* End XCConfigurationList section */
	};
	rootObject = A149CF1E25E2EA6C004FCDCB /* Project object */;
}
